
Microsoft Visual Studio Solution File, Format Version 12.00
# Visual Studio 2012
Project("{8BC9CEB8-8B4A-11D0-8D11-00A0C91BC942}") = "arnovich.core", "arnovich.core.vcxproj", "{0F3698A9-D7A8-4644-A24D-5D526DE5400D}"
EndProject
Project("{8BC9CEB8-8B4A-11D0-8D11-00A0C91BC942}") = "arnovich.core.pylib", "arnovich.core.pylib.vcxproj", "{7EF6EDB0-B80D-462D-A410-1FB58562D934}"
EndProject
Global
	GlobalSection(SolutionConfigurationPlatforms) = preSolution
		Debug_DLL|Win32 = Debug_DLL|Win32
		Debug|Win32 = Debug|Win32
		Release_DLL|Win32 = Release_DLL|Win32
		Release|Win32 = Release|Win32
	EndGlobalSection
	GlobalSection(ProjectConfigurationPlatforms) = postSolution
		{0F3698A9-D7A8-4644-A24D-5D526DE5400D}.Debug_DLL|Win32.ActiveCfg = Debug_DLL|x64
		{0F3698A9-D7A8-4644-A24D-5D526DE5400D}.Debug_DLL|Win32.Build.0 = Debug_DLL|x64
		{0F3698A9-D7A8-4644-A24D-5D526DE5400D}.Debug|Win32.ActiveCfg = Debug|x64
		{0F3698A9-D7A8-4644-A24D-5D526DE5400D}.Debug|Win32.Build.0 = Debug|x64
		{0F3698A9-D7A8-4644-A24D-5D526DE5400D}.Release_DLL|Win32.ActiveCfg = Debug|x64
		{0F3698A9-D7A8-4644-A24D-5D526DE5400D}.Release_DLL|Win32.Build.0 = Debug|x64
		{0F3698A9-D7A8-4644-A24D-5D526DE5400D}.Release|Win32.ActiveCfg = Release|Win32
		{0F3698A9-D7A8-4644-A24D-5D526DE5400D}.Release|Win32.Build.0 = Release|Win32
		{7EF6EDB0-B80D-462D-A410-1FB58562D934}.Debug_DLL|Win32.ActiveCfg = Debug|Win32
		{7EF6EDB0-B80D-462D-A410-1FB58562D934}.Debug_DLL|Win32.Build.0 = Debug|Win32
		{7EF6EDB0-B80D-462D-A410-1FB58562D934}.Debug|Win32.ActiveCfg = Debug|Win32
		{7EF6EDB0-B80D-462D-A410-1FB58562D934}.Debug|Win32.Build.0 = Debug|Win32
		{7EF6EDB0-B80D-462D-A410-1FB58562D934}.Release_DLL|Win32.ActiveCfg = Debug|x64
		{7EF6EDB0-B80D-462D-A410-1FB58562D934}.Release_DLL|Win32.Build.0 = Debug|x64
		{7EF6EDB0-B80D-462D-A410-1FB58562D934}.Release|Win32.ActiveCfg = Release|Win32
		{7EF6EDB0-B80D-462D-A410-1FB58562D934}.Release|Win32.Build.0 = Release|Win32
	EndGlobalSection
	GlobalSection(SolutionProperties) = preSolution
		HideSolutionNode = FALSE
	EndGlobalSection
EndGlobal
